<?xml version="1.0" encoding="utf-8"?>
<Project ToolsVersion="4.0" xmlns="http://schemas.microsoft.com/developer/msbuild/2003">
  <ItemGroup>
    <Filter Include="源文件">
      <UniqueIdentifier>{4FC737F1-C7A5-4376-A066-2A32D752A2FF}</UniqueIdentifier>
      <Extensions>cpp;c;cc;cxx;c++;cppm;ixx;def;odl;idl;hpj;bat;asm;asmx</Extensions>
    </Filter>
    <Filter Include="头文件">
      <UniqueIdentifier>{93995380-89BD-4b04-88EB-625FBE52EBFB}</UniqueIdentifier>
      <Extensions>h;hh;hpp;hxx;h++;hm;inl;inc;ipp;xsd</Extensions>
    </Filter>
    <Filter Include="资源文件">
      <UniqueIdentifier>{67DA6AB6-F800-4c08-8B7A-83BB121AAD01}</UniqueIdentifier>
      <Extensions>rc;ico;cur;bmp;dlg;rc2;rct;bin;rgs;gif;jpg;jpeg;jpe;resx;tiff;tif;png;wav;mfcribbon-ms</Extensions>
    </Filter>
    <Filter Include="头文件\Scene">
      <UniqueIdentifier>{ab8a6a8e-db27-4e52-a818-6c9766d69c0b}</UniqueIdentifier>
    </Filter>
    <Filter Include="头文件\Enemy">
      <UniqueIdentifier>{49146895-69dd-4502-ac2c-2e415dc56433}</UniqueIdentifier>
    </Filter>
    <Filter Include="头文件\Player">
      <UniqueIdentifier>{80f671de-48c9-47ab-9ec9-1e4ad4fb3634}</UniqueIdentifier>
    </Filter>
    <Filter Include="头文件\Map">
      <UniqueIdentifier>{4b1a864f-34ae-40ee-ac96-6e5526d510c6}</UniqueIdentifier>
    </Filter>
    <Filter Include="头文件\Signal">
      <UniqueIdentifier>{277be4e9-7f89-4a5a-b8c7-27a1cc72e29d}</UniqueIdentifier>
    </Filter>
    <Filter Include="头文件\Animation">
      <UniqueIdentifier>{18f4f461-3b6d-4614-a703-a116c5971ed9}</UniqueIdentifier>
    </Filter>
    <Filter Include="头文件\Army">
      <UniqueIdentifier>{f77d3569-e175-4425-b5f0-12daa795fce0}</UniqueIdentifier>
    </Filter>
    <Filter Include="头文件\Skill">
      <UniqueIdentifier>{28b61560-147c-4773-afec-773667dda13f}</UniqueIdentifier>
    </Filter>
  </ItemGroup>
  <ItemGroup>
    <ClCompile Include="TommorX.cpp">
      <Filter>源文件</Filter>
    </ClCompile>
    <ClCompile Include="immmma.h">
      <Filter>头文件</Filter>
    </ClCompile>
    <ClCompile Include="Timer.h">
      <Filter>头文件</Filter>
    </ClCompile>
    <ClCompile Include="Camera.cpp">
      <Filter>源文件</Filter>
    </ClCompile>
    <ClCompile Include="Signal_Manager.cpp">
      <Filter>源文件</Filter>
    </ClCompile>
    <ClCompile Include="immmma.cpp">
      <Filter>源文件</Filter>
    </ClCompile>
    <ClCompile Include="Map.cpp">
      <Filter>源文件</Filter>
    </ClCompile>
    <ClCompile Include="DamageManager.cpp">
      <Filter>源文件</Filter>
    </ClCompile>
    <ClCompile Include="Enemy.cpp">
      <Filter>头文件\Enemy</Filter>
    </ClCompile>
    <ClCompile Include="MapControl.cpp">
      <Filter>源文件</Filter>
    </ClCompile>
    <ClCompile Include="B1.cpp">
      <Filter>头文件\Enemy</Filter>
    </ClCompile>
    <ClCompile Include="Player.cpp">
      <Filter>头文件\Player</Filter>
    </ClCompile>
    <ClCompile Include="Arm.cpp">
      <Filter>源文件</Filter>
    </ClCompile>
    <ClCompile Include="B2.cpp">
      <Filter>源文件</Filter>
    </ClCompile>
    <ClCompile Include="ArmManager.cpp">
      <Filter>源文件</Filter>
    </ClCompile>
    <ClCompile Include="Skill.cpp">
      <Filter>头文件\Skill</Filter>
    </ClCompile>
  </ItemGroup>
  <ItemGroup>
    <ClInclude Include="Vector2.h">
      <Filter>头文件</Filter>
    </ClInclude>
    <ClInclude Include="Camera.h">
      <Filter>头文件</Filter>
    </ClInclude>
    <ClInclude Include="Game_scene.h">
      <Filter>头文件\Scene</Filter>
    </ClInclude>
    <ClInclude Include="Menu_scene.h">
      <Filter>头文件\Scene</Filter>
    </ClInclude>
    <ClInclude Include="Scene_manager.h">
      <Filter>头文件\Scene</Filter>
    </ClInclude>
    <ClInclude Include="Scene.h">
      <Filter>头文件\Scene</Filter>
    </ClInclude>
    <ClInclude Include="tool.h">
      <Filter>头文件</Filter>
    </ClInclude>
    <ClInclude Include="Platform.h">
      <Filter>头文件</Filter>
    </ClInclude>
    <ClInclude Include="Game_scene_solo.h">
      <Filter>头文件\Scene</Filter>
    </ClInclude>
    <ClInclude Include="Player.h">
      <Filter>头文件\Player</Filter>
    </ClInclude>
    <ClInclude Include="Amiya.h">
      <Filter>头文件\Player</Filter>
    </ClInclude>
    <ClInclude Include="Select_scene.h">
      <Filter>头文件\Scene</Filter>
    </ClInclude>
    <ClInclude Include="Hei.h">
      <Filter>头文件\Player</Filter>
    </ClInclude>
    <ClInclude Include="Map.h">
      <Filter>头文件\Map</Filter>
    </ClInclude>
    <ClInclude Include="Room.h">
      <Filter>头文件\Map</Filter>
    </ClInclude>
    <ClInclude Include="Signal.h">
      <Filter>头文件\Signal</Filter>
    </ClInclude>
    <ClInclude Include="Signal_Manager.h">
      <Filter>头文件\Signal</Filter>
    </ClInclude>
    <ClInclude Include="Animation.h">
      <Filter>头文件\Animation</Filter>
    </ClInclude>
    <ClInclude Include="Atlas.h">
      <Filter>头文件\Animation</Filter>
    </ClInclude>
    <ClInclude Include="B1.h">
      <Filter>头文件\Enemy</Filter>
    </ClInclude>
    <ClInclude Include="Enemy.h">
      <Filter>头文件\Enemy</Filter>
    </ClInclude>
    <ClInclude Include="DamageManager.h">
      <Filter>头文件</Filter>
    </ClInclude>
    <ClInclude Include="MapControl.h">
      <Filter>头文件\Map</Filter>
    </ClInclude>
    <ClInclude Include="Arm.h">
      <Filter>头文件\Army</Filter>
    </ClInclude>
    <ClInclude Include="LongKnife.h">
      <Filter>头文件\Army</Filter>
    </ClInclude>
    <ClInclude Include="Common_Amiya.h">
      <Filter>头文件\Army</Filter>
    </ClInclude>
    <ClInclude Include="B2.h">
      <Filter>头文件\Enemy</Filter>
    </ClInclude>
    <ClInclude Include="rossbow.h">
      <Filter>头文件\Army</Filter>
    </ClInclude>
    <ClInclude Include="Fist.h">
      <Filter>头文件\Army</Filter>
    </ClInclude>
    <ClInclude Include="Box_glove.h">
      <Filter>头文件\Army</Filter>
    </ClInclude>
    <ClInclude Include="Skill.h">
      <Filter>头文件\Skill</Filter>
    </ClInclude>
    <ClInclude Include="Power.h">
      <Filter>头文件\Skill</Filter>
    </ClInclude>
    <ClInclude Include="SkillManager.h">
      <Filter>头文件\Skill</Filter>
    </ClInclude>
    <ClInclude Include="ArmManager.h">
      <Filter>头文件\Army</Filter>
    </ClInclude>
    <ClInclude Include="UI.h">
      <Filter>头文件</Filter>
    </ClInclude>
  </ItemGroup>
</Project>